// !$*UTF8*$!
{
	archiveVersion = 1;
	classes = {
	};
	objectVersion = 56;
	objects = {

/* Begin PBXBuildFile section */
		7EF9B6142AA4FCCE0032FD7F /* AppDelegate.swift in Sources */ = {isa = PBXBuildFile; fileRef = 7EF9B6132AA4FCCE0032FD7F /* AppDelegate.swift */; };
		7EF9B6162AA4FCCE0032FD7F /* SceneDelegate.swift in Sources */ = {isa = PBXBuildFile; fileRef = 7EF9B6152AA4FCCE0032FD7F /* SceneDelegate.swift */; };
		7EF9B6182AA4FCCE0032FD7F /* ViewController.swift in Sources */ = {isa = PBXBuildFile; fileRef = 7EF9B6172AA4FCCE0032FD7F /* ViewController.swift */; };
		7EF9B61B2AA4FCCE0032FD7F /* Main.storyboard in Resources */ = {isa = PBXBuildFile; fileRef = 7EF9B6192AA4FCCE0032FD7F /* Main.storyboard */; };
		7EF9B61D2AA4FCD00032FD7F /* Assets.xcassets in Resources */ = {isa = PBXBuildFile; fileRef = 7EF9B61C2AA4FCD00032FD7F /* Assets.xcassets */; };
		7EF9B6202AA4FCD00032FD7F /* LaunchScreen.storyboard in Resources */ = {isa = PBXBuildFile; fileRef = 7EF9B61E2AA4FCD00032FD7F /* LaunchScreen.storyboard */; };
		7EF9B62B2AA4FCD10032FD7F /* MatchingCardsGameTests.swift in Sources */ = {isa = PBXBuildFile; fileRef = 7EF9B62A2AA4FCD10032FD7F /* MatchingCardsGameTests.swift */; };
		7EF9B6352AA4FCD10032FD7F /* MatchingCardsGameUITests.swift in Sources */ = {isa = PBXBuildFile; fileRef = 7EF9B6342AA4FCD10032FD7F /* MatchingCardsGameUITests.swift */; };
		7EF9B6372AA4FCD10032FD7F /* MatchingCardsGameUITestsLaunchTests.swift in Sources */ = {isa = PBXBuildFile; fileRef = 7EF9B6362AA4FCD10032FD7F /* MatchingCardsGameUITestsLaunchTests.swift */; };
		7EF9B6492AA5087E0032FD7F /* CardCell.swift in Sources */ = {isa = PBXBuildFile; fileRef = 7EF9B6472AA5087E0032FD7F /* CardCell.swift */; };
		7EF9B64A2AA5087E0032FD7F /* CardCell.xib in Resources */ = {isa = PBXBuildFile; fileRef = 7EF9B6482AA5087E0032FD7F /* CardCell.xib */; };
		7EF9B64C2AA50B410032FD7F /* CardViewModel.swift in Sources */ = {isa = PBXBuildFile; fileRef = 7EF9B64B2AA50B410032FD7F /* CardViewModel.swift */; };
		7EF9B64F2AA50B520032FD7F /* Card.swift in Sources */ = {isa = PBXBuildFile; fileRef = 7EF9B64E2AA50B520032FD7F /* Card.swift */; };
		7EF9B6512AA50D520032FD7F /* CardGameViewModel.swift in Sources */ = {isa = PBXBuildFile; fileRef = 7EF9B6502AA50D520032FD7F /* CardGameViewModel.swift */; };
		7EF9B6532AA655700032FD7F /* Theme.swift in Sources */ = {isa = PBXBuildFile; fileRef = 7EF9B6522AA655700032FD7F /* Theme.swift */; };
		7EF9B6562AA656F80032FD7F /* API.swift in Sources */ = {isa = PBXBuildFile; fileRef = 7EF9B6552AA656F80032FD7F /* API.swift */; };
		7EF9B65A2AA65D8A0032FD7F /* Array+Int.swift in Sources */ = {isa = PBXBuildFile; fileRef = 7EF9B6592AA65D8A0032FD7F /* Array+Int.swift */; };
		7EF9B65C2AA65F9C0032FD7F /* ThemeManager.swift in Sources */ = {isa = PBXBuildFile; fileRef = 7EF9B65B2AA65F9C0032FD7F /* ThemeManager.swift */; };
/* End PBXBuildFile section */

/* Begin PBXContainerItemProxy section */
		7EF9B6272AA4FCD10032FD7F /* PBXContainerItemProxy */ = {
			isa = PBXContainerItemProxy;
			containerPortal = 7EF9B6082AA4FCCE0032FD7F /* Project object */;
			proxyType = 1;
			remoteGlobalIDString = 7EF9B60F2AA4FCCE0032FD7F;
			remoteInfo = MatchingCardsGame;
		};
		7EF9B6312AA4FCD10032FD7F /* PBXContainerItemProxy */ = {
			isa = PBXContainerItemProxy;
			containerPortal = 7EF9B6082AA4FCCE0032FD7F /* Project object */;
			proxyType = 1;
			remoteGlobalIDString = 7EF9B60F2AA4FCCE0032FD7F;
			remoteInfo = MatchingCardsGame;
		};
/* End PBXContainerItemProxy section */

/* Begin PBXFileReference section */
		7EF9B6102AA4FCCE0032FD7F /* MatchingCardsGame.app */ = {isa = PBXFileReference; explicitFileType = wrapper.application; includeInIndex = 0; path = MatchingCardsGame.app; sourceTree = BUILT_PRODUCTS_DIR; };
		7EF9B6132AA4FCCE0032FD7F /* AppDelegate.swift */ = {isa = PBXFileReference; lastKnownFileType = sourcecode.swift; path = AppDelegate.swift; sourceTree = "<group>"; };
		7EF9B6152AA4FCCE0032FD7F /* SceneDelegate.swift */ = {isa = PBXFileReference; lastKnownFileType = sourcecode.swift; path = SceneDelegate.swift; sourceTree = "<group>"; };
		7EF9B6172AA4FCCE0032FD7F /* ViewController.swift */ = {isa = PBXFileReference; lastKnownFileType = sourcecode.swift; path = ViewController.swift; sourceTree = "<group>"; };
		7EF9B61A2AA4FCCE0032FD7F /* Base */ = {isa = PBXFileReference; lastKnownFileType = file.storyboard; name = Base; path = Base.lproj/Main.storyboard; sourceTree = "<group>"; };
		7EF9B61C2AA4FCD00032FD7F /* Assets.xcassets */ = {isa = PBXFileReference; lastKnownFileType = folder.assetcatalog; path = Assets.xcassets; sourceTree = "<group>"; };
		7EF9B61F2AA4FCD00032FD7F /* Base */ = {isa = PBXFileReference; lastKnownFileType = file.storyboard; name = Base; path = Base.lproj/LaunchScreen.storyboard; sourceTree = "<group>"; };
		7EF9B6212AA4FCD00032FD7F /* Info.plist */ = {isa = PBXFileReference; lastKnownFileType = text.plist.xml; path = Info.plist; sourceTree = "<group>"; };
		7EF9B6262AA4FCD10032FD7F /* MatchingCardsGameTests.xctest */ = {isa = PBXFileReference; explicitFileType = wrapper.cfbundle; includeInIndex = 0; path = MatchingCardsGameTests.xctest; sourceTree = BUILT_PRODUCTS_DIR; };
		7EF9B62A2AA4FCD10032FD7F /* MatchingCardsGameTests.swift */ = {isa = PBXFileReference; lastKnownFileType = sourcecode.swift; path = MatchingCardsGameTests.swift; sourceTree = "<group>"; };
		7EF9B6302AA4FCD10032FD7F /* MatchingCardsGameUITests.xctest */ = {isa = PBXFileReference; explicitFileType = wrapper.cfbundle; includeInIndex = 0; path = MatchingCardsGameUITests.xctest; sourceTree = BUILT_PRODUCTS_DIR; };
		7EF9B6342AA4FCD10032FD7F /* MatchingCardsGameUITests.swift */ = {isa = PBXFileReference; lastKnownFileType = sourcecode.swift; path = MatchingCardsGameUITests.swift; sourceTree = "<group>"; };
		7EF9B6362AA4FCD10032FD7F /* MatchingCardsGameUITestsLaunchTests.swift */ = {isa = PBXFileReference; lastKnownFileType = sourcecode.swift; path = MatchingCardsGameUITestsLaunchTests.swift; sourceTree = "<group>"; };
		7EF9B6472AA5087E0032FD7F /* CardCell.swift */ = {isa = PBXFileReference; lastKnownFileType = sourcecode.swift; path = CardCell.swift; sourceTree = "<group>"; };
		7EF9B6482AA5087E0032FD7F /* CardCell.xib */ = {isa = PBXFileReference; lastKnownFileType = file.xib; path = CardCell.xib; sourceTree = "<group>"; };
		7EF9B64B2AA50B410032FD7F /* CardViewModel.swift */ = {isa = PBXFileReference; lastKnownFileType = sourcecode.swift; path = CardViewModel.swift; sourceTree = "<group>"; };
		7EF9B64E2AA50B520032FD7F /* Card.swift */ = {isa = PBXFileReference; lastKnownFileType = sourcecode.swift; path = Card.swift; sourceTree = "<group>"; };
		7EF9B6502AA50D520032FD7F /* CardGameViewModel.swift */ = {isa = PBXFileReference; lastKnownFileType = sourcecode.swift; path = CardGameViewModel.swift; sourceTree = "<group>"; };
		7EF9B6522AA655700032FD7F /* Theme.swift */ = {isa = PBXFileReference; lastKnownFileType = sourcecode.swift; path = Theme.swift; sourceTree = "<group>"; };
		7EF9B6552AA656F80032FD7F /* API.swift */ = {isa = PBXFileReference; lastKnownFileType = sourcecode.swift; path = API.swift; sourceTree = "<group>"; };
		7EF9B6592AA65D8A0032FD7F /* Array+Int.swift */ = {isa = PBXFileReference; lastKnownFileType = sourcecode.swift; path = "Array+Int.swift"; sourceTree = "<group>"; };
		7EF9B65B2AA65F9C0032FD7F /* ThemeManager.swift */ = {isa = PBXFileReference; lastKnownFileType = sourcecode.swift; path = ThemeManager.swift; sourceTree = "<group>"; };
/* End PBXFileReference section */

/* Begin PBXFrameworksBuildPhase section */
		7EF9B60D2AA4FCCE0032FD7F /* Frameworks */ = {
			isa = PBXFrameworksBuildPhase;
			buildActionMask = 2147483647;
			files = (
			);
			runOnlyForDeploymentPostprocessing = 0;
		};
		7EF9B6232AA4FCD10032FD7F /* Frameworks */ = {
			isa = PBXFrameworksBuildPhase;
			buildActionMask = 2147483647;
			files = (
			);
			runOnlyForDeploymentPostprocessing = 0;
		};
		7EF9B62D2AA4FCD10032FD7F /* Frameworks */ = {
			isa = PBXFrameworksBuildPhase;
			buildActionMask = 2147483647;
			files = (
			);
			runOnlyForDeploymentPostprocessing = 0;
		};
/* End PBXFrameworksBuildPhase section */

/* Begin PBXGroup section */
		7EF9B6072AA4FCCE0032FD7F = {
			isa = PBXGroup;
			children = (
				7EF9B6122AA4FCCE0032FD7F /* MatchingCardsGame */,
				7EF9B6292AA4FCD10032FD7F /* MatchingCardsGameTests */,
				7EF9B6332AA4FCD10032FD7F /* MatchingCardsGameUITests */,
				7EF9B6112AA4FCCE0032FD7F /* Products */,
			);
			sourceTree = "<group>";
		};
		7EF9B6112AA4FCCE0032FD7F /* Products */ = {
			isa = PBXGroup;
			children = (
				7EF9B6102AA4FCCE0032FD7F /* MatchingCardsGame.app */,
				7EF9B6262AA4FCD10032FD7F /* MatchingCardsGameTests.xctest */,
				7EF9B6302AA4FCD10032FD7F /* MatchingCardsGameUITests.xctest */,
			);
			name = Products;
			sourceTree = "<group>";
		};
		7EF9B6122AA4FCCE0032FD7F /* MatchingCardsGame */ = {
			isa = PBXGroup;
			children = (
				7EF9B6542AA656E60032FD7F /* DataSource */,
				7EF9B64D2AA50B460032FD7F /* Model */,
				7EF9B6462AA506860032FD7F /* ViewModels */,
				7EF9B6452AA506810032FD7F /* ViewControllers */,
				7EF9B6442AA5067A0032FD7F /* Views */,
				7EF9B6432AA506690032FD7F /* App */,
				7EF9B61C2AA4FCD00032FD7F /* Assets.xcassets */,
				7EF9B6212AA4FCD00032FD7F /* Info.plist */,
			);
			path = MatchingCardsGame;
			sourceTree = "<group>";
		};
		7EF9B6292AA4FCD10032FD7F /* MatchingCardsGameTests */ = {
			isa = PBXGroup;
			children = (
				7EF9B62A2AA4FCD10032FD7F /* MatchingCardsGameTests.swift */,
			);
			path = MatchingCardsGameTests;
			sourceTree = "<group>";
		};
		7EF9B6332AA4FCD10032FD7F /* MatchingCardsGameUITests */ = {
			isa = PBXGroup;
			children = (
				7EF9B6342AA4FCD10032FD7F /* MatchingCardsGameUITests.swift */,
				7EF9B6362AA4FCD10032FD7F /* MatchingCardsGameUITestsLaunchTests.swift */,
			);
			path = MatchingCardsGameUITests;
			sourceTree = "<group>";
		};
		7EF9B6432AA506690032FD7F /* App */ = {
			isa = PBXGroup;
			children = (
				7EF9B6582AA65D7D0032FD7F /* Utils */,
				7EF9B6572AA65D730032FD7F /* Common */,
			);
			path = App;
			sourceTree = "<group>";
		};
		7EF9B6442AA5067A0032FD7F /* Views */ = {
			isa = PBXGroup;
			children = (
				7EF9B61E2AA4FCD00032FD7F /* LaunchScreen.storyboard */,
				7EF9B6192AA4FCCE0032FD7F /* Main.storyboard */,
				7EF9B6482AA5087E0032FD7F /* CardCell.xib */,
			);
			path = Views;
			sourceTree = "<group>";
		};
		7EF9B6452AA506810032FD7F /* ViewControllers */ = {
			isa = PBXGroup;
			children = (
				7EF9B6472AA5087E0032FD7F /* CardCell.swift */,
				7EF9B6172AA4FCCE0032FD7F /* ViewController.swift */,
			);
			path = ViewControllers;
			sourceTree = "<group>";
		};
		7EF9B6462AA506860032FD7F /* ViewModels */ = {
			isa = PBXGroup;
			children = (
				7EF9B64B2AA50B410032FD7F /* CardViewModel.swift */,
				7EF9B6502AA50D520032FD7F /* CardGameViewModel.swift */,
			);
			path = ViewModels;
			sourceTree = "<group>";
		};
		7EF9B64D2AA50B460032FD7F /* Model */ = {
			isa = PBXGroup;
			children = (
				7EF9B64E2AA50B520032FD7F /* Card.swift */,
				7EF9B6522AA655700032FD7F /* Theme.swift */,
			);
			path = Model;
			sourceTree = "<group>";
		};
		7EF9B6542AA656E60032FD7F /* DataSource */ = {
			isa = PBXGroup;
			children = (
				7EF9B6552AA656F80032FD7F /* API.swift */,
			);
			path = DataSource;
			sourceTree = "<group>";
		};
		7EF9B6572AA65D730032FD7F /* Common */ = {
			isa = PBXGroup;
			children = (
				7EF9B6152AA4FCCE0032FD7F /* SceneDelegate.swift */,
				7EF9B6132AA4FCCE0032FD7F /* AppDelegate.swift */,
				7EF9B65B2AA65F9C0032FD7F /* ThemeManager.swift */,
			);
			path = Common;
			sourceTree = "<group>";
		};
		7EF9B6582AA65D7D0032FD7F /* Utils */ = {
			isa = PBXGroup;
			children = (
				7EF9B6592AA65D8A0032FD7F /* Array+Int.swift */,
			);
			path = Utils;
			sourceTree = "<group>";
		};
/* End PBXGroup section */

/* Begin PBXNativeTarget section */
		7EF9B60F2AA4FCCE0032FD7F /* MatchingCardsGame */ = {
			isa = PBXNativeTarget;
			buildConfigurationList = 7EF9B63A2AA4FCD10032FD7F /* Build configuration list for PBXNativeTarget "MatchingCardsGame" */;
			buildPhases = (
				7EF9B60C2AA4FCCE0032FD7F /* Sources */,
				7EF9B60D2AA4FCCE0032FD7F /* Frameworks */,
				7EF9B60E2AA4FCCE0032FD7F /* Resources */,
			);
			buildRules = (
			);
			dependencies = (
			);
			name = MatchingCardsGame;
			productName = MatchingCardsGame;
			productReference = 7EF9B6102AA4FCCE0032FD7F /* MatchingCardsGame.app */;
			productType = "com.apple.product-type.application";
		};
		7EF9B6252AA4FCD10032FD7F /* MatchingCardsGameTests */ = {
			isa = PBXNativeTarget;
			buildConfigurationList = 7EF9B63D2AA4FCD10032FD7F /* Build configuration list for PBXNativeTarget "MatchingCardsGameTests" */;
			buildPhases = (
				7EF9B6222AA4FCD10032FD7F /* Sources */,
				7EF9B6232AA4FCD10032FD7F /* Frameworks */,
				7EF9B6242AA4FCD10032FD7F /* Resources */,
			);
			buildRules = (
			);
			dependencies = (
				7EF9B6282AA4FCD10032FD7F /* PBXTargetDependency */,
			);
			name = MatchingCardsGameTests;
			productName = MatchingCardsGameTests;
			productReference = 7EF9B6262AA4FCD10032FD7F /* MatchingCardsGameTests.xctest */;
			productType = "com.apple.product-type.bundle.unit-test";
		};
		7EF9B62F2AA4FCD10032FD7F /* MatchingCardsGameUITests */ = {
			isa = PBXNativeTarget;
			buildConfigurationList = 7EF9B6402AA4FCD10032FD7F /* Build configuration list for PBXNativeTarget "MatchingCardsGameUITests" */;
			buildPhases = (
				7EF9B62C2AA4FCD10032FD7F /* Sources */,
				7EF9B62D2AA4FCD10032FD7F /* Frameworks */,
				7EF9B62E2AA4FCD10032FD7F /* Resources */,
			);
			buildRules = (
			);
			dependencies = (
				7EF9B6322AA4FCD10032FD7F /* PBXTargetDependency */,
			);
			name = MatchingCardsGameUITests;
			productName = MatchingCardsGameUITests;
			productReference = 7EF9B6302AA4FCD10032FD7F /* MatchingCardsGameUITests.xctest */;
			productType = "com.apple.product-type.bundle.ui-testing";
		};
/* End PBXNativeTarget section */

/* Begin PBXProject section */
		7EF9B6082AA4FCCE0032FD7F /* Project object */ = {
			isa = PBXProject;
			attributes = {
				BuildIndependentTargetsInParallel = 1;
				LastSwiftUpdateCheck = 1430;
				LastUpgradeCheck = 1430;
				TargetAttributes = {
					7EF9B60F2AA4FCCE0032FD7F = {
						CreatedOnToolsVersion = 14.3.1;
					};
					7EF9B6252AA4FCD10032FD7F = {
						CreatedOnToolsVersion = 14.3.1;
						TestTargetID = 7EF9B60F2AA4FCCE0032FD7F;
					};
					7EF9B62F2AA4FCD10032FD7F = {
						CreatedOnToolsVersion = 14.3.1;
						TestTargetID = 7EF9B60F2AA4FCCE0032FD7F;
					};
				};
			};
			buildConfigurationList = 7EF9B60B2AA4FCCE0032FD7F /* Build configuration list for PBXProject "MatchingCardsGame" */;
			compatibilityVersion = "Xcode 14.0";
			developmentRegion = en;
			hasScannedForEncodings = 0;
			knownRegions = (
				en,
				Base,
			);
			mainGroup = 7EF9B6072AA4FCCE0032FD7F;
			productRefGroup = 7EF9B6112AA4FCCE0032FD7F /* Products */;
			projectDirPath = "";
			projectRoot = "";
			targets = (
				7EF9B60F2AA4FCCE0032FD7F /* MatchingCardsGame */,
				7EF9B6252AA4FCD10032FD7F /* MatchingCardsGameTests */,
				7EF9B62F2AA4FCD10032FD7F /* MatchingCardsGameUITests */,
			);
		};
/* End PBXProject section */

/* Begin PBXResourcesBuildPhase section */
		7EF9B60E2AA4FCCE0032FD7F /* Resources */ = {
			isa = PBXResourcesBuildPhase;
			buildActionMask = 2147483647;
			files = (
				7EF9B6202AA4FCD00032FD7F /* LaunchScreen.storyboard in Resources */,
				7EF9B61D2AA4FCD00032FD7F /* Assets.xcassets in Resources */,
				7EF9B61B2AA4FCCE0032FD7F /* Main.storyboard in Resources */,
				7EF9B64A2AA5087E0032FD7F /* CardCell.xib in Resources */,
			);
			runOnlyForDeploymentPostprocessing = 0;
		};
		7EF9B6242AA4FCD10032FD7F /* Resources */ = {
			isa = PBXResourcesBuildPhase;
			buildActionMask = 2147483647;
			files = (
			);
			runOnlyForDeploymentPostprocessing = 0;
		};
		7EF9B62E2AA4FCD10032FD7F /* Resources */ = {
			isa = PBXResourcesBuildPhase;
			buildActionMask = 2147483647;
			files = (
			);
			runOnlyForDeploymentPostprocessing = 0;
		};
/* End PBXResourcesBuildPhase section */

/* Begin PBXSourcesBuildPhase section */
		7EF9B60C2AA4FCCE0032FD7F /* Sources */ = {
			isa = PBXSourcesBuildPhase;
			buildActionMask = 2147483647;
			files = (
				7EF9B6182AA4FCCE0032FD7F /* ViewController.swift in Sources */,
				7EF9B6532AA655700032FD7F /* Theme.swift in Sources */,
				7EF9B64F2AA50B520032FD7F /* Card.swift in Sources */,
				7EF9B6142AA4FCCE0032FD7F /* AppDelegate.swift in Sources */,
				7EF9B6512AA50D520032FD7F /* CardGameViewModel.swift in Sources */,
				7EF9B65A2AA65D8A0032FD7F /* Array+Int.swift in Sources */,
				7EF9B6162AA4FCCE0032FD7F /* SceneDelegate.swift in Sources */,
				7EF9B6492AA5087E0032FD7F /* CardCell.swift in Sources */,
				7EF9B6562AA656F80032FD7F /* API.swift in Sources */,
				7EF9B64C2AA50B410032FD7F /* CardViewModel.swift in Sources */,
				7EF9B65C2AA65F9C0032FD7F /* ThemeManager.swift in Sources */,
			);
			runOnlyForDeploymentPostprocessing = 0;
		};
		7EF9B6222AA4FCD10032FD7F /* Sources */ = {
			isa = PBXSourcesBuildPhase;
			buildActionMask = 2147483647;
			files = (
				7EF9B62B2AA4FCD10032FD7F /* MatchingCardsGameTests.swift in Sources */,
			);
			runOnlyForDeploymentPostprocessing = 0;
		};
		7EF9B62C2AA4FCD10032FD7F /* Sources */ = {
			isa = PBXSourcesBuildPhase;
			buildActionMask = 2147483647;
			files = (
				7EF9B6352AA4FCD10032FD7F /* MatchingCardsGameUITests.swift in Sources */,
				7EF9B6372AA4FCD10032FD7F /* MatchingCardsGameUITestsLaunchTests.swift in Sources */,
			);
			runOnlyForDeploymentPostprocessing = 0;
		};
/* End PBXSourcesBuildPhase section */

/* Begin PBXTargetDependency section */
		7EF9B6282AA4FCD10032FD7F /* PBXTargetDependency */ = {
			isa = PBXTargetDependency;
			target = 7EF9B60F2AA4FCCE0032FD7F /* MatchingCardsGame */;
			targetProxy = 7EF9B6272AA4FCD10032FD7F /* PBXContainerItemProxy */;
		};
		7EF9B6322AA4FCD10032FD7F /* PBXTargetDependency */ = {
			isa = PBXTargetDependency;
			target = 7EF9B60F2AA4FCCE0032FD7F /* MatchingCardsGame */;
			targetProxy = 7EF9B6312AA4FCD10032FD7F /* PBXContainerItemProxy */;
		};
/* End PBXTargetDependency section */

/* Begin PBXVariantGroup section */
		7EF9B6192AA4FCCE0032FD7F /* Main.storyboard */ = {
			isa = PBXVariantGroup;
			children = (
				7EF9B61A2AA4FCCE0032FD7F /* Base */,
			);
			name = Main.storyboard;
			sourceTree = "<group>";
		};
		7EF9B61E2AA4FCD00032FD7F /* LaunchScreen.storyboard */ = {
			isa = PBXVariantGroup;
			children = (
				7EF9B61F2AA4FCD00032FD7F /* Base */,
			);
			name = LaunchScreen.storyboard;
			sourceTree = "<group>";
		};
/* End PBXVariantGroup section */

/* Begin XCBuildConfiguration section */
		7EF9B6382AA4FCD10032FD7F /* Debug */ = {
			isa = XCBuildConfiguration;
			buildSettings = {
				ALWAYS_SEARCH_USER_PATHS = NO;
				CLANG_ANALYZER_NONNULL = YES;
				CLANG_ANALYZER_NUMBER_OBJECT_CONVERSION = YES_AGGRESSIVE;
				CLANG_CXX_LANGUAGE_STANDARD = "gnu++20";
				CLANG_ENABLE_MODULES = YES;
				CLANG_ENABLE_OBJC_ARC = YES;
				CLANG_ENABLE_OBJC_WEAK = YES;
				CLANG_WARN_BLOCK_CAPTURE_AUTORELEASING = YES;
				CLANG_WARN_BOOL_CONVERSION = YES;
				CLANG_WARN_COMMA = YES;
				CLANG_WARN_CONSTANT_CONVERSION = YES;
				CLANG_WARN_DEPRECATED_OBJC_IMPLEMENTATIONS = YES;
				CLANG_WARN_DIRECT_OBJC_ISA_USAGE = YES_ERROR;
				CLANG_WARN_DOCUMENTATION_COMMENTS = YES;
				CLANG_WARN_EMPTY_BODY = YES;
				CLANG_WARN_ENUM_CONVERSION = YES;
				CLANG_WARN_INFINITE_RECURSION = YES;
				CLANG_WARN_INT_CONVERSION = YES;
				CLANG_WARN_NON_LITERAL_NULL_CONVERSION = YES;
				CLANG_WARN_OBJC_IMPLICIT_RETAIN_SELF = YES;
				CLANG_WARN_OBJC_LITERAL_CONVERSION = YES;
				CLANG_WARN_OBJC_ROOT_CLASS = YES_ERROR;
				CLANG_WARN_QUOTED_INCLUDE_IN_FRAMEWORK_HEADER = YES;
				CLANG_WARN_RANGE_LOOP_ANALYSIS = YES;
				CLANG_WARN_STRICT_PROTOTYPES = YES;
				CLANG_WARN_SUSPICIOUS_MOVE = YES;
				CLANG_WARN_UNGUARDED_AVAILABILITY = YES_AGGRESSIVE;
				CLANG_WARN_UNREACHABLE_CODE = YES;
				CLANG_WARN__DUPLICATE_METHOD_MATCH = YES;
				COPY_PHASE_STRIP = NO;
				DEBUG_INFORMATION_FORMAT = dwarf;
				ENABLE_STRICT_OBJC_MSGSEND = YES;
				ENABLE_TESTABILITY = YES;
				GCC_C_LANGUAGE_STANDARD = gnu11;
				GCC_DYNAMIC_NO_PIC = NO;
				GCC_NO_COMMON_BLOCKS = YES;
				GCC_OPTIMIZATION_LEVEL = 0;
				GCC_PREPROCESSOR_DEFINITIONS = (
					"DEBUG=1",
					"$(inherited)",
				);
				GCC_WARN_64_TO_32_BIT_CONVERSION = YES;
				GCC_WARN_ABOUT_RETURN_TYPE = YES_ERROR;
				GCC_WARN_UNDECLARED_SELECTOR = YES;
				GCC_WARN_UNINITIALIZED_AUTOS = YES_AGGRESSIVE;
				GCC_WARN_UNUSED_FUNCTION = YES;
				GCC_WARN_UNUSED_VARIABLE = YES;
				IPHONEOS_DEPLOYMENT_TARGET = 16.4;
				MTL_ENABLE_DEBUG_INFO = INCLUDE_SOURCE;
				MTL_FAST_MATH = YES;
				ONLY_ACTIVE_ARCH = YES;
				SDKROOT = iphoneos;
				SWIFT_ACTIVE_COMPILATION_CONDITIONS = DEBUG;
				SWIFT_OPTIMIZATION_LEVEL = "-Onone";
			};
			name = Debug;
		};
		7EF9B6392AA4FCD10032FD7F /* Release */ = {
			isa = XCBuildConfiguration;
			buildSettings = {
				ALWAYS_SEARCH_USER_PATHS = NO;
				CLANG_ANALYZER_NONNULL = YES;
				CLANG_ANALYZER_NUMBER_OBJECT_CONVERSION = YES_AGGRESSIVE;
				CLANG_CXX_LANGUAGE_STANDARD = "gnu++20";
				CLANG_ENABLE_MODULES = YES;
				CLANG_ENABLE_OBJC_ARC = YES;
				CLANG_ENABLE_OBJC_WEAK = YES;
				CLANG_WARN_BLOCK_CAPTURE_AUTORELEASING = YES;
				CLANG_WARN_BOOL_CONVERSION = YES;
				CLANG_WARN_COMMA = YES;
				CLANG_WARN_CONSTANT_CONVERSION = YES;
				CLANG_WARN_DEPRECATED_OBJC_IMPLEMENTATIONS = YES;
				CLANG_WARN_DIRECT_OBJC_ISA_USAGE = YES_ERROR;
				CLANG_WARN_DOCUMENTATION_COMMENTS = YES;
				CLANG_WARN_EMPTY_BODY = YES;
				CLANG_WARN_ENUM_CONVERSION = YES;
				CLANG_WARN_INFINITE_RECURSION = YES;
				CLANG_WARN_INT_CONVERSION = YES;
				CLANG_WARN_NON_LITERAL_NULL_CONVERSION = YES;
				CLANG_WARN_OBJC_IMPLICIT_RETAIN_SELF = YES;
				CLANG_WARN_OBJC_LITERAL_CONVERSION = YES;
				CLANG_WARN_OBJC_ROOT_CLASS = YES_ERROR;
				CLANG_WARN_QUOTED_INCLUDE_IN_FRAMEWORK_HEADER = YES;
				CLANG_WARN_RANGE_LOOP_ANALYSIS = YES;
				CLANG_WARN_STRICT_PROTOTYPES = YES;
				CLANG_WARN_SUSPICIOUS_MOVE = YES;
				CLANG_WARN_UNGUARDED_AVAILABILITY = YES_AGGRESSIVE;
				CLANG_WARN_UNREACHABLE_CODE = YES;
				CLANG_WARN__DUPLICATE_METHOD_MATCH = YES;
				COPY_PHASE_STRIP = NO;
				DEBUG_INFORMATION_FORMAT = "dwarf-with-dsym";
				ENABLE_NS_ASSERTIONS = NO;
				ENABLE_STRICT_OBJC_MSGSEND = YES;
				GCC_C_LANGUAGE_STANDARD = gnu11;
				GCC_NO_COMMON_BLOCKS = YES;
				GCC_WARN_64_TO_32_BIT_CONVERSION = YES;
				GCC_WARN_ABOUT_RETURN_TYPE = YES_ERROR;
				GCC_WARN_UNDECLARED_SELECTOR = YES;
				GCC_WARN_UNINITIALIZED_AUTOS = YES_AGGRESSIVE;
				GCC_WARN_UNUSED_FUNCTION = YES;
				GCC_WARN_UNUSED_VARIABLE = YES;
				IPHONEOS_DEPLOYMENT_TARGET = 16.4;
				MTL_ENABLE_DEBUG_INFO = NO;
				MTL_FAST_MATH = YES;
				SDKROOT = iphoneos;
				SWIFT_COMPILATION_MODE = wholemodule;
				SWIFT_OPTIMIZATION_LEVEL = "-O";
				VALIDATE_PRODUCT = YES;
			};
			name = Release;
		};
		7EF9B63B2AA4FCD10032FD7F /* Debug */ = {
			isa = XCBuildConfiguration;
			buildSettings = {
				ASSETCATALOG_COMPILER_APPICON_NAME = AppIcon;
				ASSETCATALOG_COMPILER_GLOBAL_ACCENT_COLOR_NAME = AccentColor;
				CODE_SIGN_STYLE = Automatic;
				CURRENT_PROJECT_VERSION = 1;
				DEVELOPMENT_TEAM = 954D3D92RU;
				GENERATE_INFOPLIST_FILE = YES;
				INFOPLIST_FILE = MatchingCardsGame/Info.plist;
				INFOPLIST_KEY_UIApplicationSupportsIndirectInputEvents = YES;
				INFOPLIST_KEY_UILaunchStoryboardName = LaunchScreen;
				INFOPLIST_KEY_UIMainStoryboardFile = Main;
				INFOPLIST_KEY_UISupportedInterfaceOrientations_iPad = "UIInterfaceOrientationPortrait UIInterfaceOrientationPortraitUpsideDown UIInterfaceOrientationLandscapeLeft UIInterfaceOrientationLandscapeRight";
				INFOPLIST_KEY_UISupportedInterfaceOrientations_iPhone = "UIInterfaceOrientationPortrait UIInterfaceOrientationLandscapeLeft UIInterfaceOrientationLandscapeRight";
				IPHONEOS_DEPLOYMENT_TARGET = 15.0;
				LD_RUNPATH_SEARCH_PATHS = (
					"$(inherited)",
					"@executable_path/Frameworks",
				);
				MARKETING_VERSION = 1.0;
				PRODUCT_BUNDLE_IDENTIFIER = tudorAlexa.MatchingCardsGame;
				PRODUCT_NAME = "$(TARGET_NAME)";
				SWIFT_EMIT_LOC_STRINGS = YES;
				SWIFT_VERSION = 5.0;
				TARGETED_DEVICE_FAMILY = "1,2";
			};
			name = Debug;
		};
		7EF9B63C2AA4FCD10032FD7F /* Release */ = {
			isa = XCBuildConfiguration;
			buildSettings = {
				ASSETCATALOG_COMPILER_APPICON_NAME = AppIcon;
				ASSETCATALOG_COMPILER_GLOBAL_ACCENT_COLOR_NAME = AccentColor;
				CODE_SIGN_STYLE = Automatic;
				CURRENT_PROJECT_VERSION = 1;
				DEVELOPMENT_TEAM = 954D3D92RU;
				GENERATE_INFOPLIST_FILE = YES;
				INFOPLIST_FILE = MatchingCardsGame/Info.plist;
				INFOPLIST_KEY_UIApplicationSupportsIndirectInputEvents = YES;
				INFOPLIST_KEY_UILaunchStoryboardName = LaunchScreen;
				INFOPLIST_KEY_UIMainStoryboardFile = Main;
				INFOPLIST_KEY_UISupportedInterfaceOrientations_iPad = "UIInterfaceOrientationPortrait UIInterfaceOrientationPortraitUpsideDown UIInterfaceOrientationLandscapeLeft UIInterfaceOrientationLandscapeRight";
				INFOPLIST_KEY_UISupportedInterfaceOrientations_iPhone = "UIInterfaceOrientationPortrait UIInterfaceOrientationLandscapeLeft UIInterfaceOrientationLandscapeRight";
				IPHONEOS_DEPLOYMENT_TARGET = 15.0;
				LD_RUNPATH_SEARCH_PATHS = (
					"$(inherited)",
					"@executable_path/Frameworks",
				);
				MARKETING_VERSION = 1.0;
				PRODUCT_BUNDLE_IDENTIFIER = tudorAlexa.MatchingCardsGame;
				PRODUCT_NAME = "$(TARGET_NAME)";
				SWIFT_EMIT_LOC_STRINGS = YES;
				SWIFT_VERSION = 5.0;
				TARGETED_DEVICE_FAMILY = "1,2";
			};
			name = Release;
		};
		7EF9B63E2AA4FCD10032FD7F /* Debug */ = {
			isa = XCBuildConfiguration;
			buildSettings = {
				ALWAYS_EMBED_SWIFT_STANDARD_LIBRARIES = YES;
				BUNDLE_LOADER = "$(TEST_HOST)";
				CODE_SIGN_STYLE = Automatic;
				CURRENT_PROJECT_VERSION = 1;
				DEVELOPMENT_TEAM = 954D3D92RU;
				GENERATE_INFOPLIST_FILE = YES;
				IPHONEOS_DEPLOYMENT_TARGET = 16.4;
				MARKETING_VERSION = 1.0;
				PRODUCT_BUNDLE_IDENTIFIER = tudorAlexa.MatchingCardsGameTests;
				PRODUCT_NAME = "$(TARGET_NAME)";
				SWIFT_EMIT_LOC_STRINGS = NO;
				SWIFT_VERSION = 5.0;
				TARGETED_DEVICE_FAMILY = "1,2";
				TEST_HOST = "$(BUILT_PRODUCTS_DIR)/MatchingCardsGame.app/$(BUNDLE_EXECUTABLE_FOLDER_PATH)/MatchingCardsGame";
			};
			name = Debug;
		};
		7EF9B63F2AA4FCD10032FD7F /* Release */ = {
			isa = XCBuildConfiguration;
			buildSettings = {
				ALWAYS_EMBED_SWIFT_STANDARD_LIBRARIES = YES;
				BUNDLE_LOADER = "$(TEST_HOST)";
				CODE_SIGN_STYLE = Automatic;
				CURRENT_PROJECT_VERSION = 1;
				DEVELOPMENT_TEAM = 954D3D92RU;
				GENERATE_INFOPLIST_FILE = YES;
				IPHONEOS_DEPLOYMENT_TARGET = 16.4;
				MARKETING_VERSION = 1.0;
				PRODUCT_BUNDLE_IDENTIFIER = tudorAlexa.MatchingCardsGameTests;
				PRODUCT_NAME = "$(TARGET_NAME)";
				SWIFT_EMIT_LOC_STRINGS = NO;
				SWIFT_VERSION = 5.0;
				TARGETED_DEVICE_FAMILY = "1,2";
				TEST_HOST = "$(BUILT_PRODUCTS_DIR)/MatchingCardsGame.app/$(BUNDLE_EXECUTABLE_FOLDER_PATH)/MatchingCardsGame";
			};
			name = Release;
		};
		7EF9B6412AA4FCD10032FD7F /* Debug */ = {
			isa = XCBuildConfiguration;
			buildSettings = {
				ALWAYS_EMBED_SWIFT_STANDARD_LIBRARIES = YES;
				CODE_SIGN_STYLE = Automatic;
				CURRENT_PROJECT_VERSION = 1;
				DEVELOPMENT_TEAM = 954D3D92RU;
				GENERATE_INFOPLIST_FILE = YES;
				MARKETING_VERSION = 1.0;
				PRODUCT_BUNDLE_IDENTIFIER = tudorAlexa.MatchingCardsGameUITests;
				PRODUCT_NAME = "$(TARGET_NAME)";
				SWIFT_EMIT_LOC_STRINGS = NO;
				SWIFT_VERSION = 5.0;
				TARGETED_DEVICE_FAMILY = "1,2";
				TEST_TARGET_NAME = MatchingCardsGame;
			};
			name = Debug;
		};
		7EF9B6422AA4FCD10032FD7F /* Release */ = {
			isa = XCBuildConfiguration;
			buildSettings = {
				ALWAYS_EMBED_SWIFT_STANDARD_LIBRARIES = YES;
				CODE_SIGN_STYLE = Automatic;
				CURRENT_PROJECT_VERSION = 1;
				DEVELOPMENT_TEAM = 954D3D92RU;
				GENERATE_INFOPLIST_FILE = YES;
				MARKETING_VERSION = 1.0;
				PRODUCT_BUNDLE_IDENTIFIER = tudorAlexa.MatchingCardsGameUITests;
				PRODUCT_NAME = "$(TARGET_NAME)";
				SWIFT_EMIT_LOC_STRINGS = NO;
				SWIFT_VERSION = 5.0;
				TARGETED_DEVICE_FAMILY = "1,2";
				TEST_TARGET_NAME = MatchingCardsGame;
			};
			name = Release;
		};
/* End XCBuildConfiguration section */

/* Begin XCConfigurationList section */
		7EF9B60B2AA4FCCE0032FD7F /* Build configuration list for PBXProject "MatchingCardsGame" */ = {
			isa = XCConfigurationList;
			buildConfigurations = (
				7EF9B6382AA4FCD10032FD7F /* Debug */,
				7EF9B6392AA4FCD10032FD7F /* Release */,
			);
			defaultConfigurationIsVisible = 0;
			defaultConfigurationName = Release;
		};
		7EF9B63A2AA4FCD10032FD7F /* Build configuration list for PBXNativeTarget "MatchingCardsGame" */ = {
			isa = XCConfigurationList;
			buildConfigurations = (
				7EF9B63B2AA4FCD10032FD7F /* Debug */,
				7EF9B63C2AA4FCD10032FD7F /* Release */,
			);
			defaultConfigurationIsVisible = 0;
			defaultConfigurationName = Release;
		};
		7EF9B63D2AA4FCD10032FD7F /* Build configuration list for PBXNativeTarget "MatchingCardsGameTests" */ = {
			isa = XCConfigurationList;
			buildConfigurations = (
				7EF9B63E2AA4FCD10032FD7F /* Debug */,
				7EF9B63F2AA4FCD10032FD7F /* Release */,
			);
			defaultConfigurationIsVisible = 0;
			defaultConfigurationName = Release;
		};
		7EF9B6402AA4FCD10032FD7F /* Build configuration list for PBXNativeTarget "MatchingCardsGameUITests" */ = {
			isa = XCConfigurationList;
			buildConfigurations = (
				7EF9B6412AA4FCD10032FD7F /* Debug */,
				7EF9B6422AA4FCD10032FD7F /* Release */,
			);
			defaultConfigurationIsVisible = 0;
			defaultConfigurationName = Release;
		};
/* End XCConfigurationList section */
	};
	rootObject = 7EF9B6082AA4FCCE0032FD7F /* Project object */;
}
